{
	"name": "@tonytangdev/dlog",
	"version": "0.4.0",
	"lockfileVersion": 3,
	"requires": true,
	"packages": {
		"": {
			"name": "@tonytangdev/dlog",
			"version": "0.4.0",
			"license": "MIT",
			"dependencies": {
				"@inquirer/prompts": "^8.3.0",
				"better-sqlite3": "^12.8.0",
				"commander": "^12.1.0",
				"drizzle-orm": "^0.45.1"
			},
			"bin": {
				"dlog": "dist/index.js"
			},
			"devDependencies": {
				"@biomejs/biome": "^2.4.7",
				"@types/better-sqlite3": "^7.6.13",
				"@types/bun": "latest",
				"@types/node": "^20.0.0",
				"drizzle-kit": "^0.31.10",
				"husky": "^9.1.7",
				"lint-staged": "^16.4.0",
				"typescript": "^5.0.0"
			}
		},
		"node_modules/@biomejs/biome": {
			"version": "2.4.9",
			"dev": true,
			"license": "MIT OR Apache-2.0",
			"bin": {
				"biome": "bin/biome"
			},
			"engines": {
				"node": ">=14.21.3"
			},
			"funding": {
				"type": "opencollective",
				"url": "https://opencollective.com/biome"
			},
			"optionalDependencies": {
				"@biomejs/cli-darwin-arm64": "2.4.9",
				"@biomejs/cli-darwin-x64": "2.4.9",
				"@biomejs/cli-linux-arm64": "2.4.9",
				"@biomejs/cli-linux-arm64-musl": "2.4.9",
				"@biomejs/cli-linux-x64": "2.4.9",
				"@biomejs/cli-linux-x64-musl": "2.4.9",
				"@biomejs/cli-win32-arm64": "2.4.9",
				"@biomejs/cli-win32-x64": "2.4.9"
			}
		},
		"node_modules/@biomejs/cli-darwin-arm64": {
			"version": "2.4.9",
			"cpu": [
				"arm64"
			],
			"dev": true,
			"license": "MIT OR Apache-2.0",
			"optional": true,
			"os": [
				"darwin"
			],
			"engines": {
				"node": ">=14.21.3"
			}
		},
		"node_modules/@drizzle-team/brocli": {
			"version": "0.10.2",
			"dev": true,
			"license": "Apache-2.0"
		},
		"node_modules/@esbuild-kit/core-utils": {
			"version": "3.3.2",
			"dev": true,
			"license": "MIT",
			"dependencies": {
				"esbuild": "~0.18.20",
				"source-map-support": "^0.5.21"
			}
		},
		"node_modules/@esbuild-kit/core-utils/node_modules/esbuild": {
			"version": "0.18.20",
			"dev": true,
			"hasInstallScript": true,
			"license": "MIT",
			"bin": {
				"esbuild": "bin/esbuild"
			},
			"engines": {
				"node": ">=12"
			},
			"optionalDependencies": {
				"@esbuild/android-arm": "0.18.20",
				"@esbuild/android-arm64": "0.18.20",
				"@esbuild/android-x64": "0.18.20",
				"@esbuild/darwin-arm64": "0.18.20",
				"@esbuild/darwin-x64": "0.18.20",
				"@esbuild/freebsd-arm64": "0.18.20",
				"@esbuild/freebsd-x64": "0.18.20",
				"@esbuild/linux-arm": "0.18.20",
				"@esbuild/linux-arm64": "0.18.20",
				"@esbuild/linux-ia32": "0.18.20",
				"@esbuild/linux-loong64": "0.18.20",
				"@esbuild/linux-mips64el": "0.18.20",
				"@esbuild/linux-ppc64": "0.18.20",
				"@esbuild/linux-riscv64": "0.18.20",
				"@esbuild/linux-s390x": "0.18.20",
				"@esbuild/linux-x64": "0.18.20",
				"@esbuild/netbsd-x64": "0.18.20",
				"@esbuild/openbsd-x64": "0.18.20",
				"@esbuild/sunos-x64": "0.18.20",
				"@esbuild/win32-arm64": "0.18.20",
				"@esbuild/win32-ia32": "0.18.20",
				"@esbuild/win32-x64": "0.18.20"
			}
		},
		"node_modules/@esbuild-kit/core-utils/node_modules/esbuild/node_modules/@esbuild/darwin-arm64": {
			"version": "0.18.20",
			"cpu": [
				"arm64"
			],
			"dev": true,
			"license": "MIT",
			"optional": true,
			"os": [
				"darwin"
			],
			"engines": {
				"node": ">=12"
			}
		},
		"node_modules/@esbuild-kit/esm-loader": {
			"version": "2.6.5",
			"dev": true,
			"license": "MIT",
			"dependencies": {
				"@esbuild-kit/core-utils": "^3.3.2",
				"get-tsconfig": "^4.7.0"
			}
		},
		"node_modules/@esbuild/darwin-arm64": {
			"version": "0.25.12",
			"cpu": [
				"arm64"
			],
			"dev": true,
			"license": "MIT",
			"optional": true,
			"os": [
				"darwin"
			],
			"engines": {
				"node": ">=18"
			}
		},
		"node_modules/@inquirer/ansi": {
			"version": "2.0.4",
			"license": "MIT",
			"engines": {
				"node": ">=23.5.0 || ^22.13.0 || ^21.7.0 || ^20.12.0"
			}
		},
		"node_modules/@inquirer/checkbox": {
			"version": "5.1.2",
			"license": "MIT",
			"dependencies": {
				"@inquirer/ansi": "^2.0.4",
				"@inquirer/core": "^11.1.7",
				"@inquirer/figures": "^2.0.4",
				"@inquirer/type": "^4.0.4"
			},
			"engines": {
				"node": ">=23.5.0 || ^22.13.0 || ^21.7.0 || ^20.12.0"
			},
			"peerDependencies": {
				"@types/node": ">=18"
			},
			"peerDependenciesMeta": {
				"@types/node": {
					"optional": true
				}
			}
		},
		"node_modules/@inquirer/confirm": {
			"version": "6.0.10",
			"license": "MIT",
			"dependencies": {
				"@inquirer/core": "^11.1.7",
				"@inquirer/type": "^4.0.4"
			},
			"engines": {
				"node": ">=23.5.0 || ^22.13.0 || ^21.7.0 || ^20.12.0"
			},
			"peerDependencies": {
				"@types/node": ">=18"
			},
			"peerDependenciesMeta": {
				"@types/node": {
					"optional": true
				}
			}
		},
		"node_modules/@inquirer/core": {
			"version": "11.1.7",
			"license": "MIT",
			"dependencies": {
				"@inquirer/ansi": "^2.0.4",
				"@inquirer/figures": "^2.0.4",
				"@inquirer/type": "^4.0.4",
				"cli-width": "^4.1.0",
				"fast-wrap-ansi": "^0.2.0",
				"mute-stream": "^3.0.0",
				"signal-exit": "^4.1.0"
			},
			"engines": {
				"node": ">=23.5.0 || ^22.13.0 || ^21.7.0 || ^20.12.0"
			},
			"peerDependencies": {
				"@types/node": ">=18"
			},
			"peerDependenciesMeta": {
				"@types/node": {
					"optional": true
				}
			}
		},
		"node_modules/@inquirer/editor": {
			"version": "5.0.10",
			"license": "MIT",
			"dependencies": {
				"@inquirer/core": "^11.1.7",
				"@inquirer/external-editor": "^2.0.4",
				"@inquirer/type": "^4.0.4"
			},
			"engines": {
				"node": ">=23.5.0 || ^22.13.0 || ^21.7.0 || ^20.12.0"
			},
			"peerDependencies": {
				"@types/node": ">=18"
			},
			"peerDependenciesMeta": {
				"@types/node": {
					"optional": true
				}
			}
		},
		"node_modules/@inquirer/expand": {
			"version": "5.0.10",
			"license": "MIT",
			"dependencies": {
				"@inquirer/core": "^11.1.7",
				"@inquirer/type": "^4.0.4"
			},
			"engines": {
				"node": ">=23.5.0 || ^22.13.0 || ^21.7.0 || ^20.12.0"
			},
			"peerDependencies": {
				"@types/node": ">=18"
			},
			"peerDependenciesMeta": {
				"@types/node": {
					"optional": true
				}
			}
		},
		"node_modules/@inquirer/external-editor": {
			"version": "2.0.4",
			"license": "MIT",
			"dependencies": {
				"chardet": "^2.1.1",
				"iconv-lite": "^0.7.2"
			},
			"engines": {
				"node": ">=23.5.0 || ^22.13.0 || ^21.7.0 || ^20.12.0"
			},
			"peerDependencies": {
				"@types/node": ">=18"
			},
			"peerDependenciesMeta": {
				"@types/node": {
					"optional": true
				}
			}
		},
		"node_modules/@inquirer/figures": {
			"version": "2.0.4",
			"license": "MIT",
			"engines": {
				"node": ">=23.5.0 || ^22.13.0 || ^21.7.0 || ^20.12.0"
			}
		},
		"node_modules/@inquirer/input": {
			"version": "5.0.10",
			"license": "MIT",
			"dependencies": {
				"@inquirer/core": "^11.1.7",
				"@inquirer/type": "^4.0.4"
			},
			"engines": {
				"node": ">=23.5.0 || ^22.13.0 || ^21.7.0 || ^20.12.0"
			},
			"peerDependencies": {
				"@types/node": ">=18"
			},
			"peerDependenciesMeta": {
				"@types/node": {
					"optional": true
				}
			}
		},
		"node_modules/@inquirer/number": {
			"version": "4.0.10",
			"license": "MIT",
			"dependencies": {
				"@inquirer/core": "^11.1.7",
				"@inquirer/type": "^4.0.4"
			},
			"engines": {
				"node": ">=23.5.0 || ^22.13.0 || ^21.7.0 || ^20.12.0"
			},
			"peerDependencies": {
				"@types/node": ">=18"
			},
			"peerDependenciesMeta": {
				"@types/node": {
					"optional": true
				}
			}
		},
		"node_modules/@inquirer/password": {
			"version": "5.0.10",
			"license": "MIT",
			"dependencies": {
				"@inquirer/ansi": "^2.0.4",
				"@inquirer/core": "^11.1.7",
				"@inquirer/type": "^4.0.4"
			},
			"engines": {
				"node": ">=23.5.0 || ^22.13.0 || ^21.7.0 || ^20.12.0"
			},
			"peerDependencies": {
				"@types/node": ">=18"
			},
			"peerDependenciesMeta": {
				"@types/node": {
					"optional": true
				}
			}
		},
		"node_modules/@inquirer/prompts": {
			"version": "8.3.2",
			"license": "MIT",
			"dependencies": {
				"@inquirer/checkbox": "^5.1.2",
				"@inquirer/confirm": "^6.0.10",
				"@inquirer/editor": "^5.0.10",
				"@inquirer/expand": "^5.0.10",
				"@inquirer/input": "^5.0.10",
				"@inquirer/number": "^4.0.10",
				"@inquirer/password": "^5.0.10",
				"@inquirer/rawlist": "^5.2.6",
				"@inquirer/search": "^4.1.6",
				"@inquirer/select": "^5.1.2"
			},
			"engines": {
				"node": ">=23.5.0 || ^22.13.0 || ^21.7.0 || ^20.12.0"
			},
			"peerDependencies": {
				"@types/node": ">=18"
			},
			"peerDependenciesMeta": {
				"@types/node": {
					"optional": true
				}
			}
		},
		"node_modules/@inquirer/rawlist": {
			"version": "5.2.6",
			"license": "MIT",
			"dependencies": {
				"@inquirer/core": "^11.1.7",
				"@inquirer/type": "^4.0.4"
			},
			"engines": {
				"node": ">=23.5.0 || ^22.13.0 || ^21.7.0 || ^20.12.0"
			},
			"peerDependencies": {
				"@types/node": ">=18"
			},
			"peerDependenciesMeta": {
				"@types/node": {
					"optional": true
				}
			}
		},
		"node_modules/@inquirer/search": {
			"version": "4.1.6",
			"license": "MIT",
			"dependencies": {
				"@inquirer/core": "^11.1.7",
				"@inquirer/figures": "^2.0.4",
				"@inquirer/type": "^4.0.4"
			},
			"engines": {
				"node": ">=23.5.0 || ^22.13.0 || ^21.7.0 || ^20.12.0"
			},
			"peerDependencies": {
				"@types/node": ">=18"
			},
			"peerDependenciesMeta": {
				"@types/node": {
					"optional": true
				}
			}
		},
		"node_modules/@inquirer/select": {
			"version": "5.1.2",
			"license": "MIT",
			"dependencies": {
				"@inquirer/ansi": "^2.0.4",
				"@inquirer/core": "^11.1.7",
				"@inquirer/figures": "^2.0.4",
				"@inquirer/type": "^4.0.4"
			},
			"engines": {
				"node": ">=23.5.0 || ^22.13.0 || ^21.7.0 || ^20.12.0"
			},
			"peerDependencies": {
				"@types/node": ">=18"
			},
			"peerDependenciesMeta": {
				"@types/node": {
					"optional": true
				}
			}
		},
		"node_modules/@inquirer/type": {
			"version": "4.0.4",
			"license": "MIT",
			"engines": {
				"node": ">=23.5.0 || ^22.13.0 || ^21.7.0 || ^20.12.0"
			},
			"peerDependencies": {
				"@types/node": ">=18"
			},
			"peerDependenciesMeta": {
				"@types/node": {
					"optional": true
				}
			}
		},
		"node_modules/@types/better-sqlite3": {
			"version": "7.6.13",
			"devOptional": true,
			"license": "MIT",
			"dependencies": {
				"@types/node": "*"
			}
		},
		"node_modules/@types/bun": {
			"version": "1.3.11",
			"resolved": "https://registry.npmjs.org/@types/bun/-/bun-1.3.11.tgz",
			"integrity": "sha512-5vPne5QvtpjGpsGYXiFyycfpDF2ECyPcTSsFBMa0fraoxiQyMJ3SmuQIGhzPg2WJuWxVBoxWJ2kClYTcw/4fAg==",
			"dev": true,
			"license": "MIT",
			"dependencies": {
				"bun-types": "1.3.11"
			}
		},
		"node_modules/@types/node": {
			"version": "20.19.37",
			"devOptional": true,
			"license": "MIT",
			"dependencies": {
				"undici-types": "~6.21.0"
			}
		},
		"node_modules/ansi-escapes": {
			"version": "7.3.0",
			"resolved": "https://registry.npmjs.org/ansi-escapes/-/ansi-escapes-7.3.0.tgz",
			"integrity": "sha512-BvU8nYgGQBxcmMuEeUEmNTvrMVjJNSH7RgW24vXexN4Ven6qCvy4TntnvlnwnMLTVlcRQQdbRY8NKnaIoeWDNg==",
			"dev": true,
			"license": "MIT",
			"dependencies": {
				"environment": "^1.0.0"
			},
			"engines": {
				"node": ">=18"
			},
			"funding": {
				"url": "https://github.com/sponsors/sindresorhus"
			}
		},
		"node_modules/ansi-regex": {
			"version": "6.2.2",
			"resolved": "https://registry.npmjs.org/ansi-regex/-/ansi-regex-6.2.2.tgz",
			"integrity": "sha512-Bq3SmSpyFHaWjPk8If9yc6svM8c56dB5BAtW4Qbw5jHTwwXXcTLoRMkpDJp6VL0XzlWaCHTXrkFURMYmD0sLqg==",
			"dev": true,
			"license": "MIT",
			"engines": {
				"node": ">=12"
			},
			"funding": {
				"url": "https://github.com/chalk/ansi-regex?sponsor=1"
			}
		},
		"node_modules/ansi-styles": {
			"version": "6.2.3",
			"resolved": "https://registry.npmjs.org/ansi-styles/-/ansi-styles-6.2.3.tgz",
			"integrity": "sha512-4Dj6M28JB+oAH8kFkTLUo+a2jwOFkuqb3yucU0CANcRRUbxS0cP0nZYCGjcc3BNXwRIsUVmDGgzawme7zvJHvg==",
			"dev": true,
			"license": "MIT",
			"engines": {
				"node": ">=12"
			},
			"funding": {
				"url": "https://github.com/chalk/ansi-styles?sponsor=1"
			}
		},
		"node_modules/base64-js": {
			"version": "1.5.1",
			"funding": [
				{
					"type": "github",
					"url": "https://github.com/sponsors/feross"
				},
				{
					"type": "patreon",
					"url": "https://www.patreon.com/feross"
				},
				{
					"type": "consulting",
					"url": "https://feross.org/support"
				}
			],
			"license": "MIT"
		},
		"node_modules/better-sqlite3": {
			"version": "12.8.0",
			"hasInstallScript": true,
			"license": "MIT",
			"dependencies": {
				"bindings": "^1.5.0",
				"prebuild-install": "^7.1.1"
			},
			"engines": {
				"node": "20.x || 22.x || 23.x || 24.x || 25.x"
			}
		},
		"node_modules/bindings": {
			"version": "1.5.0",
			"license": "MIT",
			"dependencies": {
				"file-uri-to-path": "1.0.0"
			}
		},
		"node_modules/bl": {
			"version": "4.1.0",
			"license": "MIT",
			"dependencies": {
				"buffer": "^5.5.0",
				"inherits": "^2.0.4",
				"readable-stream": "^3.4.0"
			}
		},
		"node_modules/buffer": {
			"version": "5.7.1",
			"funding": [
				{
					"type": "github",
					"url": "https://github.com/sponsors/feross"
				},
				{
					"type": "patreon",
					"url": "https://www.patreon.com/feross"
				},
				{
					"type": "consulting",
					"url": "https://feross.org/support"
				}
			],
			"license": "MIT",
			"dependencies": {
				"base64-js": "^1.3.1",
				"ieee754": "^1.1.13"
			}
		},
		"node_modules/buffer-from": {
			"version": "1.1.2",
			"dev": true,
			"license": "MIT"
		},
		"node_modules/bun-types": {
			"version": "1.3.11",
			"devOptional": true,
			"license": "MIT",
			"dependencies": {
				"@types/node": "*"
			}
		},
		"node_modules/chardet": {
			"version": "2.1.1",
			"license": "MIT"
		},
		"node_modules/chownr": {
			"version": "1.1.4",
			"license": "ISC"
		},
		"node_modules/cli-cursor": {
			"version": "5.0.0",
			"resolved": "https://registry.npmjs.org/cli-cursor/-/cli-cursor-5.0.0.tgz",
			"integrity": "sha512-aCj4O5wKyszjMmDT4tZj93kxyydN/K5zPWSCe6/0AV/AA1pqe5ZBIw0a2ZfPQV7lL5/yb5HsUreJ6UFAF1tEQw==",
			"dev": true,
			"license": "MIT",
			"dependencies": {
				"restore-cursor": "^5.0.0"
			},
			"engines": {
				"node": ">=18"
			},
			"funding": {
				"url": "https://github.com/sponsors/sindresorhus"
			}
		},
		"node_modules/cli-truncate": {
			"version": "5.2.0",
			"resolved": "https://registry.npmjs.org/cli-truncate/-/cli-truncate-5.2.0.tgz",
			"integrity": "sha512-xRwvIOMGrfOAnM1JYtqQImuaNtDEv9v6oIYAs4LIHwTiKee8uwvIi363igssOC0O5U04i4AlENs79LQLu9tEMw==",
			"dev": true,
			"license": "MIT",
			"dependencies": {
				"slice-ansi": "^8.0.0",
				"string-width": "^8.2.0"
			},
			"engines": {
				"node": ">=20"
			},
			"funding": {
				"url": "https://github.com/sponsors/sindresorhus"
			}
		},
		"node_modules/cli-width": {
			"version": "4.1.0",
			"license": "ISC",
			"engines": {
				"node": ">= 12"
			}
		},
		"node_modules/colorette": {
			"version": "2.0.20",
			"resolved": "https://registry.npmjs.org/colorette/-/colorette-2.0.20.tgz",
			"integrity": "sha512-IfEDxwoWIjkeXL1eXcDiow4UbKjhLdq6/EuSVR9GMN7KVH3r9gQ83e73hsz1Nd1T3ijd5xv1wcWRYO+D6kCI2w==",
			"dev": true,
			"license": "MIT"
		},
		"node_modules/commander": {
			"version": "12.1.0",
			"license": "MIT",
			"engines": {
				"node": ">=18"
			}
		},
		"node_modules/decompress-response": {
			"version": "6.0.0",
			"license": "MIT",
			"dependencies": {
				"mimic-response": "^3.1.0"
			},
			"engines": {
				"node": ">=10"
			},
			"funding": {
				"url": "https://github.com/sponsors/sindresorhus"
			}
		},
		"node_modules/deep-extend": {
			"version": "0.6.0",
			"license": "MIT",
			"engines": {
				"node": ">=4.0.0"
			}
		},
		"node_modules/detect-libc": {
			"version": "2.1.2",
			"license": "Apache-2.0",
			"engines": {
				"node": ">=8"
			}
		},
		"node_modules/drizzle-kit": {
			"version": "0.31.10",
			"dev": true,
			"license": "MIT",
			"dependencies": {
				"@drizzle-team/brocli": "^0.10.2",
				"@esbuild-kit/esm-loader": "^2.5.5",
				"esbuild": "^0.25.4",
				"tsx": "^4.21.0"
			},
			"bin": {
				"drizzle-kit": "bin.cjs"
			}
		},
		"node_modules/drizzle-orm": {
			"version": "0.45.1",
			"license": "Apache-2.0",
			"peerDependencies": {
				"@aws-sdk/client-rds-data": ">=3",
				"@cloudflare/workers-types": ">=4",
				"@electric-sql/pglite": ">=0.2.0",
				"@libsql/client": ">=0.10.0",
				"@libsql/client-wasm": ">=0.10.0",
				"@neondatabase/serverless": ">=0.10.0",
				"@op-engineering/op-sqlite": ">=2",
				"@opentelemetry/api": "^1.4.1",
				"@planetscale/database": ">=1.13",
				"@prisma/client": "*",
				"@tidbcloud/serverless": "*",
				"@types/better-sqlite3": "*",
				"@types/pg": "*",
				"@types/sql.js": "*",
				"@upstash/redis": ">=1.34.7",
				"@vercel/postgres": ">=0.8.0",
				"@xata.io/client": "*",
				"better-sqlite3": ">=7",
				"bun-types": "*",
				"expo-sqlite": ">=14.0.0",
				"gel": ">=2",
				"knex": "*",
				"kysely": "*",
				"mysql2": ">=2",
				"pg": ">=8",
				"postgres": ">=3",
				"sql.js": ">=1",
				"sqlite3": ">=5"
			},
			"peerDependenciesMeta": {
				"@aws-sdk/client-rds-data": {
					"optional": true
				},
				"@cloudflare/workers-types": {
					"optional": true
				},
				"@electric-sql/pglite": {
					"optional": true
				},
				"@libsql/client": {
					"optional": true
				},
				"@libsql/client-wasm": {
					"optional": true
				},
				"@neondatabase/serverless": {
					"optional": true
				},
				"@op-engineering/op-sqlite": {
					"optional": true
				},
				"@opentelemetry/api": {
					"optional": true
				},
				"@planetscale/database": {
					"optional": true
				},
				"@prisma/client": {
					"optional": true
				},
				"@tidbcloud/serverless": {
					"optional": true
				},
				"@types/better-sqlite3": {
					"optional": true
				},
				"@types/pg": {
					"optional": true
				},
				"@types/sql.js": {
					"optional": true
				},
				"@upstash/redis": {
					"optional": true
				},
				"@vercel/postgres": {
					"optional": true
				},
				"@xata.io/client": {
					"optional": true
				},
				"better-sqlite3": {
					"optional": true
				},
				"bun-types": {
					"optional": true
				},
				"expo-sqlite": {
					"optional": true
				},
				"gel": {
					"optional": true
				},
				"knex": {
					"optional": true
				},
				"kysely": {
					"optional": true
				},
				"mysql2": {
					"optional": true
				},
				"pg": {
					"optional": true
				},
				"postgres": {
					"optional": true
				},
				"prisma": {
					"optional": true
				},
				"sql.js": {
					"optional": true
				},
				"sqlite3": {
					"optional": true
				}
			}
		},
		"node_modules/emoji-regex": {
			"version": "10.6.0",
			"resolved": "https://registry.npmjs.org/emoji-regex/-/emoji-regex-10.6.0.tgz",
			"integrity": "sha512-toUI84YS5YmxW219erniWD0CIVOo46xGKColeNQRgOzDorgBi1v4D71/OFzgD9GO2UGKIv1C3Sp8DAn0+j5w7A==",
			"dev": true,
			"license": "MIT"
		},
		"node_modules/end-of-stream": {
			"version": "1.4.5",
			"license": "MIT",
			"dependencies": {
				"once": "^1.4.0"
			}
		},
		"node_modules/environment": {
			"version": "1.1.0",
			"resolved": "https://registry.npmjs.org/environment/-/environment-1.1.0.tgz",
			"integrity": "sha512-xUtoPkMggbz0MPyPiIWr1Kp4aeWJjDZ6SMvURhimjdZgsRuDplF5/s9hcgGhyXMhs+6vpnuoiZ2kFiu3FMnS8Q==",
			"dev": true,
			"license": "MIT",
			"engines": {
				"node": ">=18"
			},
			"funding": {
				"url": "https://github.com/sponsors/sindresorhus"
			}
		},
		"node_modules/esbuild": {
			"version": "0.25.12",
			"dev": true,
			"hasInstallScript": true,
			"license": "MIT",
			"bin": {
				"esbuild": "bin/esbuild"
			},
			"engines": {
				"node": ">=18"
			},
			"optionalDependencies": {
				"@esbuild/aix-ppc64": "0.25.12",
				"@esbuild/android-arm": "0.25.12",
				"@esbuild/android-arm64": "0.25.12",
				"@esbuild/android-x64": "0.25.12",
				"@esbuild/darwin-arm64": "0.25.12",
				"@esbuild/darwin-x64": "0.25.12",
				"@esbuild/freebsd-arm64": "0.25.12",
				"@esbuild/freebsd-x64": "0.25.12",
				"@esbuild/linux-arm": "0.25.12",
				"@esbuild/linux-arm64": "0.25.12",
				"@esbuild/linux-ia32": "0.25.12",
				"@esbuild/linux-loong64": "0.25.12",
				"@esbuild/linux-mips64el": "0.25.12",
				"@esbuild/linux-ppc64": "0.25.12",
				"@esbuild/linux-riscv64": "0.25.12",
				"@esbuild/linux-s390x": "0.25.12",
				"@esbuild/linux-x64": "0.25.12",
				"@esbuild/netbsd-arm64": "0.25.12",
				"@esbuild/netbsd-x64": "0.25.12",
				"@esbuild/openbsd-arm64": "0.25.12",
				"@esbuild/openbsd-x64": "0.25.12",
				"@esbuild/openharmony-arm64": "0.25.12",
				"@esbuild/sunos-x64": "0.25.12",
				"@esbuild/win32-arm64": "0.25.12",
				"@esbuild/win32-ia32": "0.25.12",
				"@esbuild/win32-x64": "0.25.12"
			}
		},
		"node_modules/eventemitter3": {
			"version": "5.0.4",
			"resolved": "https://registry.npmjs.org/eventemitter3/-/eventemitter3-5.0.4.tgz",
			"integrity": "sha512-mlsTRyGaPBjPedk6Bvw+aqbsXDtoAyAzm5MO7JgU+yVRyMQ5O8bD4Kcci7BS85f93veegeCPkL8R4GLClnjLFw==",
			"dev": true,
			"license": "MIT"
		},
		"node_modules/expand-template": {
			"version": "2.0.3",
			"license": "(MIT OR WTFPL)",
			"engines": {
				"node": ">=6"
			}
		},
		"node_modules/fast-string-truncated-width": {
			"version": "3.0.3",
			"license": "MIT"
		},
		"node_modules/fast-string-width": {
			"version": "3.0.2",
			"license": "MIT",
			"dependencies": {
				"fast-string-truncated-width": "^3.0.2"
			}
		},
		"node_modules/fast-wrap-ansi": {
			"version": "0.2.0",
			"license": "MIT",
			"dependencies": {
				"fast-string-width": "^3.0.2"
			}
		},
		"node_modules/file-uri-to-path": {
			"version": "1.0.0",
			"license": "MIT"
		},
		"node_modules/fs-constants": {
			"version": "1.0.0",
			"license": "MIT"
		},
		"node_modules/fsevents": {
			"version": "2.3.3",
			"dev": true,
			"license": "MIT",
			"optional": true,
			"os": [
				"darwin"
			],
			"engines": {
				"node": "^8.16.0 || ^10.6.0 || >=11.0.0"
			}
		},
		"node_modules/get-east-asian-width": {
			"version": "1.5.0",
			"resolved": "https://registry.npmjs.org/get-east-asian-width/-/get-east-asian-width-1.5.0.tgz",
			"integrity": "sha512-CQ+bEO+Tva/qlmw24dCejulK5pMzVnUOFOijVogd3KQs07HnRIgp8TGipvCCRT06xeYEbpbgwaCxglFyiuIcmA==",
			"dev": true,
			"license": "MIT",
			"engines": {
				"node": ">=18"
			},
			"funding": {
				"url": "https://github.com/sponsors/sindresorhus"
			}
		},
		"node_modules/get-tsconfig": {
			"version": "4.13.7",
			"dev": true,
			"license": "MIT",
			"dependencies": {
				"resolve-pkg-maps": "^1.0.0"
			},
			"funding": {
				"url": "https://github.com/privatenumber/get-tsconfig?sponsor=1"
			}
		},
		"node_modules/github-from-package": {
			"version": "0.0.0",
			"license": "MIT"
		},
		"node_modules/husky": {
			"version": "9.1.7",
			"resolved": "https://registry.npmjs.org/husky/-/husky-9.1.7.tgz",
			"integrity": "sha512-5gs5ytaNjBrh5Ow3zrvdUUY+0VxIuWVL4i9irt6friV+BqdCfmV11CQTWMiBYWHbXhco+J1kHfTOUkePhCDvMA==",
			"dev": true,
			"license": "MIT",
			"bin": {
				"husky": "bin.js"
			},
			"engines": {
				"node": ">=18"
			},
			"funding": {
				"url": "https://github.com/sponsors/typicode"
			}
		},
		"node_modules/iconv-lite": {
			"version": "0.7.2",
			"license": "MIT",
			"dependencies": {
				"safer-buffer": ">= 2.1.2 < 3.0.0"
			},
			"engines": {
				"node": ">=0.10.0"
			},
			"funding": {
				"type": "opencollective",
				"url": "https://opencollective.com/express"
			}
		},
		"node_modules/ieee754": {
			"version": "1.2.1",
			"funding": [
				{
					"type": "github",
					"url": "https://github.com/sponsors/feross"
				},
				{
					"type": "patreon",
					"url": "https://www.patreon.com/feross"
				},
				{
					"type": "consulting",
					"url": "https://feross.org/support"
				}
			],
			"license": "BSD-3-Clause"
		},
		"node_modules/inherits": {
			"version": "2.0.4",
			"license": "ISC"
		},
		"node_modules/ini": {
			"version": "1.3.8",
			"license": "ISC"
		},
		"node_modules/is-fullwidth-code-point": {
			"version": "5.1.0",
			"resolved": "https://registry.npmjs.org/is-fullwidth-code-point/-/is-fullwidth-code-point-5.1.0.tgz",
			"integrity": "sha512-5XHYaSyiqADb4RnZ1Bdad6cPp8Toise4TzEjcOYDHZkTCbKgiUl7WTUCpNWHuxmDt91wnsZBc9xinNzopv3JMQ==",
			"dev": true,
			"license": "MIT",
			"dependencies": {
				"get-east-asian-width": "^1.3.1"
			},
			"engines": {
				"node": ">=18"
			},
			"funding": {
				"url": "https://github.com/sponsors/sindresorhus"
			}
		},
		"node_modules/lint-staged": {
			"version": "16.4.0",
			"resolved": "https://registry.npmjs.org/lint-staged/-/lint-staged-16.4.0.tgz",
			"integrity": "sha512-lBWt8hujh/Cjysw5GYVmZpFHXDCgZzhrOm8vbcUdobADZNOK/bRshr2kM3DfgrrtR1DQhfupW9gnIXOfiFi+bw==",
			"dev": true,
			"license": "MIT",
			"dependencies": {
				"commander": "^14.0.3",
				"listr2": "^9.0.5",
				"picomatch": "^4.0.3",
				"string-argv": "^0.3.2",
				"tinyexec": "^1.0.4",
				"yaml": "^2.8.2"
			},
			"bin": {
				"lint-staged": "bin/lint-staged.js"
			},
			"engines": {
				"node": ">=20.17"
			},
			"funding": {
				"url": "https://opencollective.com/lint-staged"
			}
		},
		"node_modules/lint-staged/node_modules/commander": {
			"version": "14.0.3",
			"resolved": "https://registry.npmjs.org/commander/-/commander-14.0.3.tgz",
			"integrity": "sha512-H+y0Jo/T1RZ9qPP4Eh1pkcQcLRglraJaSLoyOtHxu6AapkjWVCy2Sit1QQ4x3Dng8qDlSsZEet7g5Pq06MvTgw==",
			"dev": true,
			"license": "MIT",
			"engines": {
				"node": ">=20"
			}
		},
		"node_modules/listr2": {
			"version": "9.0.5",
			"resolved": "https://registry.npmjs.org/listr2/-/listr2-9.0.5.tgz",
			"integrity": "sha512-ME4Fb83LgEgwNw96RKNvKV4VTLuXfoKudAmm2lP8Kk87KaMK0/Xrx/aAkMWmT8mDb+3MlFDspfbCs7adjRxA2g==",
			"dev": true,
			"license": "MIT",
			"dependencies": {
				"cli-truncate": "^5.0.0",
				"colorette": "^2.0.20",
				"eventemitter3": "^5.0.1",
				"log-update": "^6.1.0",
				"rfdc": "^1.4.1",
				"wrap-ansi": "^9.0.0"
			},
			"engines": {
				"node": ">=20.0.0"
			}
		},
		"node_modules/log-update": {
			"version": "6.1.0",
			"resolved": "https://registry.npmjs.org/log-update/-/log-update-6.1.0.tgz",
			"integrity": "sha512-9ie8ItPR6tjY5uYJh8K/Zrv/RMZ5VOlOWvtZdEHYSTFKZfIBPQa9tOAEeAWhd+AnIneLJ22w5fjOYtoutpWq5w==",
			"dev": true,
			"license": "MIT",
			"dependencies": {
				"ansi-escapes": "^7.0.0",
				"cli-cursor": "^5.0.0",
				"slice-ansi": "^7.1.0",
				"strip-ansi": "^7.1.0",
				"wrap-ansi": "^9.0.0"
			},
			"engines": {
				"node": ">=18"
			},
			"funding": {
				"url": "https://github.com/sponsors/sindresorhus"
			}
		},
		"node_modules/log-update/node_modules/slice-ansi": {
			"version": "7.1.2",
			"resolved": "https://registry.npmjs.org/slice-ansi/-/slice-ansi-7.1.2.tgz",
			"integrity": "sha512-iOBWFgUX7caIZiuutICxVgX1SdxwAVFFKwt1EvMYYec/NWO5meOJ6K5uQxhrYBdQJne4KxiqZc+KptFOWFSI9w==",
			"dev": true,
			"license": "MIT",
			"dependencies": {
				"ansi-styles": "^6.2.1",
				"is-fullwidth-code-point": "^5.0.0"
			},
			"engines": {
				"node": ">=18"
			},
			"funding": {
				"url": "https://github.com/chalk/slice-ansi?sponsor=1"
			}
		},
		"node_modules/mimic-function": {
			"version": "5.0.1",
			"resolved": "https://registry.npmjs.org/mimic-function/-/mimic-function-5.0.1.tgz",
			"integrity": "sha512-VP79XUPxV2CigYP3jWwAUFSku2aKqBH7uTAapFWCBqutsbmDo96KY5o8uh6U+/YSIn5OxJnXp73beVkpqMIGhA==",
			"dev": true,
			"license": "MIT",
			"engines": {
				"node": ">=18"
			},
			"funding": {
				"url": "https://github.com/sponsors/sindresorhus"
			}
		},
		"node_modules/mimic-response": {
			"version": "3.1.0",
			"license": "MIT",
			"engines": {
				"node": ">=10"
			},
			"funding": {
				"url": "https://github.com/sponsors/sindresorhus"
			}
		},
		"node_modules/minimist": {
			"version": "1.2.8",
			"license": "MIT",
			"funding": {
				"url": "https://github.com/sponsors/ljharb"
			}
		},
		"node_modules/mkdirp-classic": {
			"version": "0.5.3",
			"license": "MIT"
		},
		"node_modules/mute-stream": {
			"version": "3.0.0",
			"license": "ISC",
			"engines": {
				"node": "^20.17.0 || >=22.9.0"
			}
		},
		"node_modules/napi-build-utils": {
			"version": "2.0.0",
			"license": "MIT"
		},
		"node_modules/node-abi": {
			"version": "3.89.0",
			"license": "MIT",
			"dependencies": {
				"semver": "^7.3.5"
			},
			"engines": {
				"node": ">=10"
			}
		},
		"node_modules/once": {
			"version": "1.4.0",
			"license": "ISC",
			"dependencies": {
				"wrappy": "1"
			}
		},
		"node_modules/onetime": {
			"version": "7.0.0",
			"resolved": "https://registry.npmjs.org/onetime/-/onetime-7.0.0.tgz",
			"integrity": "sha512-VXJjc87FScF88uafS3JllDgvAm+c/Slfz06lorj2uAY34rlUu0Nt+v8wreiImcrgAjjIHp1rXpTDlLOGw29WwQ==",
			"dev": true,
			"license": "MIT",
			"dependencies": {
				"mimic-function": "^5.0.0"
			},
			"engines": {
				"node": ">=18"
			},
			"funding": {
				"url": "https://github.com/sponsors/sindresorhus"
			}
		},
		"node_modules/picomatch": {
			"version": "4.0.4",
			"resolved": "https://registry.npmjs.org/picomatch/-/picomatch-4.0.4.tgz",
			"integrity": "sha512-QP88BAKvMam/3NxH6vj2o21R6MjxZUAd6nlwAS/pnGvN9IVLocLHxGYIzFhg6fUQ+5th6P4dv4eW9jX3DSIj7A==",
			"dev": true,
			"license": "MIT",
			"engines": {
				"node": ">=12"
			},
			"funding": {
				"url": "https://github.com/sponsors/jonschlinkert"
			}
		},
		"node_modules/prebuild-install": {
			"version": "7.1.3",
			"license": "MIT",
			"dependencies": {
				"detect-libc": "^2.0.0",
				"expand-template": "^2.0.3",
				"github-from-package": "0.0.0",
				"minimist": "^1.2.3",
				"mkdirp-classic": "^0.5.3",
				"napi-build-utils": "^2.0.0",
				"node-abi": "^3.3.0",
				"pump": "^3.0.0",
				"rc": "^1.2.7",
				"simple-get": "^4.0.0",
				"tar-fs": "^2.0.0",
				"tunnel-agent": "^0.6.0"
			},
			"bin": {
				"prebuild-install": "bin.js"
			},
			"engines": {
				"node": ">=10"
			}
		},
		"node_modules/pump": {
			"version": "3.0.4",
			"license": "MIT",
			"dependencies": {
				"end-of-stream": "^1.1.0",
				"once": "^1.3.1"
			}
		},
		"node_modules/rc": {
			"version": "1.2.8",
			"license": "(BSD-2-Clause OR MIT OR Apache-2.0)",
			"dependencies": {
				"deep-extend": "^0.6.0",
				"ini": "~1.3.0",
				"minimist": "^1.2.0",
				"strip-json-comments": "~2.0.1"
			},
			"bin": {
				"rc": "cli.js"
			}
		},
		"node_modules/readable-stream": {
			"version": "3.6.2",
			"license": "MIT",
			"dependencies": {
				"inherits": "^2.0.3",
				"string_decoder": "^1.1.1",
				"util-deprecate": "^1.0.1"
			},
			"engines": {
				"node": ">= 6"
			}
		},
		"node_modules/resolve-pkg-maps": {
			"version": "1.0.0",
			"dev": true,
			"license": "MIT",
			"funding": {
				"url": "https://github.com/privatenumber/resolve-pkg-maps?sponsor=1"
			}
		},
		"node_modules/restore-cursor": {
			"version": "5.1.0",
			"resolved": "https://registry.npmjs.org/restore-cursor/-/restore-cursor-5.1.0.tgz",
			"integrity": "sha512-oMA2dcrw6u0YfxJQXm342bFKX/E4sG9rbTzO9ptUcR/e8A33cHuvStiYOwH7fszkZlZ1z/ta9AAoPk2F4qIOHA==",
			"dev": true,
			"license": "MIT",
			"dependencies": {
				"onetime": "^7.0.0",
				"signal-exit": "^4.1.0"
			},
			"engines": {
				"node": ">=18"
			},
			"funding": {
				"url": "https://github.com/sponsors/sindresorhus"
			}
		},
		"node_modules/rfdc": {
			"version": "1.4.1",
			"resolved": "https://registry.npmjs.org/rfdc/-/rfdc-1.4.1.tgz",
			"integrity": "sha512-q1b3N5QkRUWUl7iyylaaj3kOpIT0N2i9MqIEQXP73GVsN9cw3fdx8X63cEmWhJGi2PPCF23Ijp7ktmd39rawIA==",
			"dev": true,
			"license": "MIT"
		},
		"node_modules/safe-buffer": {
			"version": "5.2.1",
			"funding": [
				{
					"type": "github",
					"url": "https://github.com/sponsors/feross"
				},
				{
					"type": "patreon",
					"url": "https://www.patreon.com/feross"
				},
				{
					"type": "consulting",
					"url": "https://feross.org/support"
				}
			],
			"license": "MIT"
		},
		"node_modules/safer-buffer": {
			"version": "2.1.2",
			"license": "MIT"
		},
		"node_modules/semver": {
			"version": "7.7.4",
			"license": "ISC",
			"bin": {
				"semver": "bin/semver.js"
			},
			"engines": {
				"node": ">=10"
			}
		},
		"node_modules/signal-exit": {
			"version": "4.1.0",
			"license": "ISC",
			"engines": {
				"node": ">=14"
			},
			"funding": {
				"url": "https://github.com/sponsors/isaacs"
			}
		},
		"node_modules/simple-concat": {
			"version": "1.0.1",
			"funding": [
				{
					"type": "github",
					"url": "https://github.com/sponsors/feross"
				},
				{
					"type": "patreon",
					"url": "https://www.patreon.com/feross"
				},
				{
					"type": "consulting",
					"url": "https://feross.org/support"
				}
			],
			"license": "MIT"
		},
		"node_modules/simple-get": {
			"version": "4.0.1",
			"funding": [
				{
					"type": "github",
					"url": "https://github.com/sponsors/feross"
				},
				{
					"type": "patreon",
					"url": "https://www.patreon.com/feross"
				},
				{
					"type": "consulting",
					"url": "https://feross.org/support"
				}
			],
			"license": "MIT",
			"dependencies": {
				"decompress-response": "^6.0.0",
				"once": "^1.3.1",
				"simple-concat": "^1.0.0"
			}
		},
		"node_modules/slice-ansi": {
			"version": "8.0.0",
			"resolved": "https://registry.npmjs.org/slice-ansi/-/slice-ansi-8.0.0.tgz",
			"integrity": "sha512-stxByr12oeeOyY2BlviTNQlYV5xOj47GirPr4yA1hE9JCtxfQN0+tVbkxwCtYDQWhEKWFHsEK48ORg5jrouCAg==",
			"dev": true,
			"license": "MIT",
			"dependencies": {
				"ansi-styles": "^6.2.3",
				"is-fullwidth-code-point": "^5.1.0"
			},
			"engines": {
				"node": ">=20"
			},
			"funding": {
				"url": "https://github.com/chalk/slice-ansi?sponsor=1"
			}
		},
		"node_modules/source-map": {
			"version": "0.6.1",
			"dev": true,
			"license": "BSD-3-Clause",
			"engines": {
				"node": ">=0.10.0"
			}
		},
		"node_modules/source-map-support": {
			"version": "0.5.21",
			"dev": true,
			"license": "MIT",
			"dependencies": {
				"buffer-from": "^1.0.0",
				"source-map": "^0.6.0"
			}
		},
		"node_modules/string_decoder": {
			"version": "1.3.0",
			"license": "MIT",
			"dependencies": {
				"safe-buffer": "~5.2.0"
			}
		},
		"node_modules/string-argv": {
			"version": "0.3.2",
			"resolved": "https://registry.npmjs.org/string-argv/-/string-argv-0.3.2.tgz",
			"integrity": "sha512-aqD2Q0144Z+/RqG52NeHEkZauTAUWJO8c6yTftGJKO3Tja5tUgIfmIl6kExvhtxSDP7fXB6DvzkfMpCd/F3G+Q==",
			"dev": true,
			"license": "MIT",
			"engines": {
				"node": ">=0.6.19"
			}
		},
		"node_modules/string-width": {
			"version": "8.2.0",
			"resolved": "https://registry.npmjs.org/string-width/-/string-width-8.2.0.tgz",
			"integrity": "sha512-6hJPQ8N0V0P3SNmP6h2J99RLuzrWz2gvT7VnK5tKvrNqJoyS9W4/Fb8mo31UiPvy00z7DQXkP2hnKBVav76thw==",
			"dev": true,
			"license": "MIT",
			"dependencies": {
				"get-east-asian-width": "^1.5.0",
				"strip-ansi": "^7.1.2"
			},
			"engines": {
				"node": ">=20"
			},
			"funding": {
				"url": "https://github.com/sponsors/sindresorhus"
			}
		},
		"node_modules/strip-ansi": {
			"version": "7.2.0",
			"resolved": "https://registry.npmjs.org/strip-ansi/-/strip-ansi-7.2.0.tgz",
			"integrity": "sha512-yDPMNjp4WyfYBkHnjIRLfca1i6KMyGCtsVgoKe/z1+6vukgaENdgGBZt+ZmKPc4gavvEZ5OgHfHdrazhgNyG7w==",
			"dev": true,
			"license": "MIT",
			"dependencies": {
				"ansi-regex": "^6.2.2"
			},
			"engines": {
				"node": ">=12"
			},
			"funding": {
				"url": "https://github.com/chalk/strip-ansi?sponsor=1"
			}
		},
		"node_modules/strip-json-comments": {
			"version": "2.0.1",
			"license": "MIT",
			"engines": {
				"node": ">=0.10.0"
			}
		},
		"node_modules/tar-fs": {
			"version": "2.1.4",
			"license": "MIT",
			"dependencies": {
				"chownr": "^1.1.1",
				"mkdirp-classic": "^0.5.2",
				"pump": "^3.0.0",
				"tar-stream": "^2.1.4"
			}
		},
		"node_modules/tar-stream": {
			"version": "2.2.0",
			"license": "MIT",
			"dependencies": {
				"bl": "^4.0.3",
				"end-of-stream": "^1.4.1",
				"fs-constants": "^1.0.0",
				"inherits": "^2.0.3",
				"readable-stream": "^3.1.1"
			},
			"engines": {
				"node": ">=6"
			}
		},
		"node_modules/tinyexec": {
			"version": "1.0.4",
			"resolved": "https://registry.npmjs.org/tinyexec/-/tinyexec-1.0.4.tgz",
			"integrity": "sha512-u9r3uZC0bdpGOXtlxUIdwf9pkmvhqJdrVCH9fapQtgy/OeTTMZ1nqH7agtvEfmGui6e1XxjcdrlxvxJvc3sMqw==",
			"dev": true,
			"license": "MIT",
			"engines": {
				"node": ">=18"
			}
		},
		"node_modules/tsx": {
			"version": "4.21.0",
			"dev": true,
			"license": "MIT",
			"dependencies": {
				"esbuild": "~0.27.0",
				"get-tsconfig": "^4.7.5"
			},
			"bin": {
				"tsx": "dist/cli.mjs"
			},
			"engines": {
				"node": ">=18.0.0"
			},
			"optionalDependencies": {
				"fsevents": "~2.3.3"
			}
		},
		"node_modules/tsx/node_modules/esbuild": {
			"version": "0.27.4",
			"dev": true,
			"hasInstallScript": true,
			"license": "MIT",
			"bin": {
				"esbuild": "bin/esbuild"
			},
			"engines": {
				"node": ">=18"
			},
			"optionalDependencies": {
				"@esbuild/aix-ppc64": "0.27.4",
				"@esbuild/android-arm": "0.27.4",
				"@esbuild/android-arm64": "0.27.4",
				"@esbuild/android-x64": "0.27.4",
				"@esbuild/darwin-arm64": "0.27.4",
				"@esbuild/darwin-x64": "0.27.4",
				"@esbuild/freebsd-arm64": "0.27.4",
				"@esbuild/freebsd-x64": "0.27.4",
				"@esbuild/linux-arm": "0.27.4",
				"@esbuild/linux-arm64": "0.27.4",
				"@esbuild/linux-ia32": "0.27.4",
				"@esbuild/linux-loong64": "0.27.4",
				"@esbuild/linux-mips64el": "0.27.4",
				"@esbuild/linux-ppc64": "0.27.4",
				"@esbuild/linux-riscv64": "0.27.4",
				"@esbuild/linux-s390x": "0.27.4",
				"@esbuild/linux-x64": "0.27.4",
				"@esbuild/netbsd-arm64": "0.27.4",
				"@esbuild/netbsd-x64": "0.27.4",
				"@esbuild/openbsd-arm64": "0.27.4",
				"@esbuild/openbsd-x64": "0.27.4",
				"@esbuild/openharmony-arm64": "0.27.4",
				"@esbuild/sunos-x64": "0.27.4",
				"@esbuild/win32-arm64": "0.27.4",
				"@esbuild/win32-ia32": "0.27.4",
				"@esbuild/win32-x64": "0.27.4"
			}
		},
		"node_modules/tsx/node_modules/esbuild/node_modules/@esbuild/darwin-arm64": {
			"version": "0.27.4",
			"cpu": [
				"arm64"
			],
			"dev": true,
			"license": "MIT",
			"optional": true,
			"os": [
				"darwin"
			],
			"engines": {
				"node": ">=18"
			}
		},
		"node_modules/tunnel-agent": {
			"version": "0.6.0",
			"license": "Apache-2.0",
			"dependencies": {
				"safe-buffer": "^5.0.1"
			},
			"engines": {
				"node": "*"
			}
		},
		"node_modules/typescript": {
			"version": "5.9.3",
			"dev": true,
			"license": "Apache-2.0",
			"bin": {
				"tsc": "bin/tsc",
				"tsserver": "bin/tsserver"
			},
			"engines": {
				"node": ">=14.17"
			}
		},
		"node_modules/undici-types": {
			"version": "6.21.0",
			"devOptional": true,
			"license": "MIT"
		},
		"node_modules/util-deprecate": {
			"version": "1.0.2",
			"license": "MIT"
		},
		"node_modules/wrap-ansi": {
			"version": "9.0.2",
			"resolved": "https://registry.npmjs.org/wrap-ansi/-/wrap-ansi-9.0.2.tgz",
			"integrity": "sha512-42AtmgqjV+X1VpdOfyTGOYRi0/zsoLqtXQckTmqTeybT+BDIbM/Guxo7x3pE2vtpr1ok6xRqM9OpBe+Jyoqyww==",
			"dev": true,
			"license": "MIT",
			"dependencies": {
				"ansi-styles": "^6.2.1",
				"string-width": "^7.0.0",
				"strip-ansi": "^7.1.0"
			},
			"engines": {
				"node": ">=18"
			},
			"funding": {
				"url": "https://github.com/chalk/wrap-ansi?sponsor=1"
			}
		},
		"node_modules/wrap-ansi/node_modules/string-width": {
			"version": "7.2.0",
			"resolved": "https://registry.npmjs.org/string-width/-/string-width-7.2.0.tgz",
			"integrity": "sha512-tsaTIkKW9b4N+AEj+SVA+WhJzV7/zMhcSu78mLKWSk7cXMOSHsBKFWUs0fWwq8QyK3MgJBQRX6Gbi4kYbdvGkQ==",
			"dev": true,
			"license": "MIT",
			"dependencies": {
				"emoji-regex": "^10.3.0",
				"get-east-asian-width": "^1.0.0",
				"strip-ansi": "^7.1.0"
			},
			"engines": {
				"node": ">=18"
			},
			"funding": {
				"url": "https://github.com/sponsors/sindresorhus"
			}
		},
		"node_modules/wrappy": {
			"version": "1.0.2",
			"license": "ISC"
		},
		"node_modules/yaml": {
			"version": "2.8.3",
			"resolved": "https://registry.npmjs.org/yaml/-/yaml-2.8.3.tgz",
			"integrity": "sha512-AvbaCLOO2Otw/lW5bmh9d/WEdcDFdQp2Z2ZUH3pX9U2ihyUY0nvLv7J6TrWowklRGPYbB/IuIMfYgxaCPg5Bpg==",
			"dev": true,
			"license": "ISC",
			"bin": {
				"yaml": "bin.mjs"
			},
			"engines": {
				"node": ">= 14.6"
			},
			"funding": {
				"url": "https://github.com/sponsors/eemeli"
			}
		}
	}
}
